
Microsoft Visual Studio Solution File, Format Version 12.00
# Visual Studio 2013
VisualStudioVersion = 12.0.30501.0
MinimumVisualStudioVersion = 10.0.40219.1
Project("{FAE04EC0-301F-11D3-BF4B-00C04F79EFBC}") = "BasicMVC", "BasicMVC\BasicMVC.csproj", "{EA930699-2752-4A8D-B4E8-8250FF7041E9}"
EndProject
Project("{FAE04EC0-301F-11D3-BF4B-00C04F79EFBC}") = "Authentication.BasicMVC", "Authentication.BasicMVC\Authentication.BasicMVC.csproj", "{CAEC507F-DEAE-4248-9471-B71825BDC1DB}"
EndProject
Project("{FAE04EC0-301F-11D3-BF4B-00C04F79EFBC}") = "Authentication.BasicMVC.Domain", "Authentication.BasicMVC.Domain\Authentication.BasicMVC.Domain.csproj", "{2442A503-9F17-4268-9BB0-503117460E47}"
EndProject
Project("{FAE04EC0-301F-11D3-BF4B-00C04F79EFBC}") = "Authentication.BasicMVC.Infrastructure", "Authentication.BasicMVC.Infrastructure\Authentication.BasicMVC.Infrastructure.csproj", "{58ACA7D5-E7C3-4F02-8001-6B04BCB21D09}"
EndProject
Project("{FAE04EC0-301F-11D3-BF4B-00C04F79EFBC}") = "CMS.BasicMVC.Domain", "CMS.BasicMVC.Domain\CMS.BasicMVC.Domain.csproj", "{A8E597E9-E85D-439E-91EC-779468FAE523}"
EndProject
Project("{FAE04EC0-301F-11D3-BF4B-00C04F79EFBC}") = "CMS.BasicMVC.Infrastructure", "CMS.BasicMVC.Infrastructure\CMS.BasicMVC.Infrastructure.csproj", "{1CE7B95E-DDA4-4F21-9EC6-E6E3D1F567AA}"
EndProject
Global
	GlobalSection(TeamFoundationVersionControl) = preSolution
		SccNumberOfProjects = 7
		SccEnterpriseProvider = {4CA58AB2-18FA-4F8D-95D4-32DDF27D184C}
		SccTeamFoundationServer = https://issolutions.visualstudio.com/defaultcollection
		SccLocalPath0 = .
		SccProjectUniqueName1 = BasicMVC\\BasicMVC.csproj
		SccProjectName1 = BasicMVC
		SccLocalPath1 = BasicMVC
		SccProjectUniqueName2 = Authentication.BasicMVC\\Authentication.BasicMVC.csproj
		SccProjectName2 = Authentication.BasicMVC
		SccLocalPath2 = Authentication.BasicMVC
		SccProjectUniqueName3 = Authentication.BasicMVC.Domain\\Authentication.BasicMVC.Domain.csproj
		SccProjectName3 = Authentication.BasicMVC.Domain
		SccLocalPath3 = Authentication.BasicMVC.Domain
		SccProjectUniqueName4 = Authentication.BasicMVC.Infrastructure\\Authentication.BasicMVC.Infrastructure.csproj
		SccProjectName4 = Authentication.BasicMVC.Infrastructure
		SccLocalPath4 = Authentication.BasicMVC.Infrastructure
		SccProjectUniqueName5 = CMS.BasicMVC.Domain\\CMS.BasicMVC.Domain.csproj
		SccProjectName5 = CMS.BasicMVC.Domain
		SccLocalPath5 = CMS.BasicMVC.Domain
		SccProjectUniqueName6 = CMS.BasicMVC.Infrastructure\\CMS.BasicMVC.Infrastructure.csproj
		SccProjectName6 = CMS.BasicMVC.Infrastructure
		SccLocalPath6 = CMS.BasicMVC.Infrastructure
	EndGlobalSection
	GlobalSection(SolutionConfigurationPlatforms) = preSolution
		Debug|Any CPU = Debug|Any CPU
		Release|Any CPU = Release|Any CPU
	EndGlobalSection
	GlobalSection(ProjectConfigurationPlatforms) = postSolution
		{EA930699-2752-4A8D-B4E8-8250FF7041E9}.Debug|Any CPU.ActiveCfg = Debug|Any CPU
		{EA930699-2752-4A8D-B4E8-8250FF7041E9}.Debug|Any CPU.Build.0 = Debug|Any CPU
		{EA930699-2752-4A8D-B4E8-8250FF7041E9}.Release|Any CPU.ActiveCfg = Release|Any CPU
		{EA930699-2752-4A8D-B4E8-8250FF7041E9}.Release|Any CPU.Build.0 = Release|Any CPU
		{CAEC507F-DEAE-4248-9471-B71825BDC1DB}.Debug|Any CPU.ActiveCfg = Debug|Any CPU
		{CAEC507F-DEAE-4248-9471-B71825BDC1DB}.Debug|Any CPU.Build.0 = Debug|Any CPU
		{CAEC507F-DEAE-4248-9471-B71825BDC1DB}.Release|Any CPU.ActiveCfg = Release|Any CPU
		{CAEC507F-DEAE-4248-9471-B71825BDC1DB}.Release|Any CPU.Build.0 = Release|Any CPU
		{2442A503-9F17-4268-9BB0-503117460E47}.Debug|Any CPU.ActiveCfg = Debug|Any CPU
		{2442A503-9F17-4268-9BB0-503117460E47}.Debug|Any CPU.Build.0 = Debug|Any CPU
		{2442A503-9F17-4268-9BB0-503117460E47}.Release|Any CPU.ActiveCfg = Release|Any CPU
		{2442A503-9F17-4268-9BB0-503117460E47}.Release|Any CPU.Build.0 = Release|Any CPU
		{58ACA7D5-E7C3-4F02-8001-6B04BCB21D09}.Debug|Any CPU.ActiveCfg = Debug|Any CPU
		{58ACA7D5-E7C3-4F02-8001-6B04BCB21D09}.Debug|Any CPU.Build.0 = Debug|Any CPU
		{58ACA7D5-E7C3-4F02-8001-6B04BCB21D09}.Release|Any CPU.ActiveCfg = Release|Any CPU
		{58ACA7D5-E7C3-4F02-8001-6B04BCB21D09}.Release|Any CPU.Build.0 = Release|Any CPU
		{A8E597E9-E85D-439E-91EC-779468FAE523}.Debug|Any CPU.ActiveCfg = Debug|Any CPU
		{A8E597E9-E85D-439E-91EC-779468FAE523}.Debug|Any CPU.Build.0 = Debug|Any CPU
		{A8E597E9-E85D-439E-91EC-779468FAE523}.Release|Any CPU.ActiveCfg = Release|Any CPU
		{A8E597E9-E85D-439E-91EC-779468FAE523}.Release|Any CPU.Build.0 = Release|Any CPU
		{1CE7B95E-DDA4-4F21-9EC6-E6E3D1F567AA}.Debug|Any CPU.ActiveCfg = Debug|Any CPU
		{1CE7B95E-DDA4-4F21-9EC6-E6E3D1F567AA}.Debug|Any CPU.Build.0 = Debug|Any CPU
		{1CE7B95E-DDA4-4F21-9EC6-E6E3D1F567AA}.Release|Any CPU.ActiveCfg = Release|Any CPU
		{1CE7B95E-DDA4-4F21-9EC6-E6E3D1F567AA}.Release|Any CPU.Build.0 = Release|Any CPU
	EndGlobalSection
	GlobalSection(SolutionProperties) = preSolution
		HideSolutionNode = FALSE
	EndGlobalSection
EndGlobal
